
Microsoft Visual Studio Solution File, Format Version 12.00
# Visual Studio 15
VisualStudioVersion = 15.0.28010.0
MinimumVisualStudioVersion = 10.0.40219.1
Project("{FAE04EC0-301F-11D3-BF4B-00C04F79EFBC}") = "TakingPhoto.Android", "TakingPhoto\TakingPhoto.Android\TakingPhoto.Android.csproj", "{84608C4E-4A2F-4E90-A2BB-3226820EC9FC}"
EndProject
Project("{FAE04EC0-301F-11D3-BF4B-00C04F79EFBC}") = "TakingPhoto", "TakingPhoto\TakingPhoto\TakingPhoto.csproj", "{6DDDEB1C-088D-4BA1-BF29-241CCCDC5B80}"
EndProject
Global
	GlobalSection(SolutionConfigurationPlatforms) = preSolution
		Debug|Any CPU = Debug|Any CPU
		Release|Any CPU = Release|Any CPU
	EndGlobalSection
	GlobalSection(ProjectConfigurationPlatforms) = postSolution
		{84608C4E-4A2F-4E90-A2BB-3226820EC9FC}.Debug|Any CPU.ActiveCfg = Debug|Any CPU
		{84608C4E-4A2F-4E90-A2BB-3226820EC9FC}.Debug|Any CPU.Build.0 = Debug|Any CPU
		{84608C4E-4A2F-4E90-A2BB-3226820EC9FC}.Debug|Any CPU.Deploy.0 = Debug|Any CPU
		{84608C4E-4A2F-4E90-A2BB-3226820EC9FC}.Release|Any CPU.ActiveCfg = Release|Any CPU
		{84608C4E-4A2F-4E90-A2BB-3226820EC9FC}.Release|Any CPU.Build.0 = Release|Any CPU
		{84608C4E-4A2F-4E90-A2BB-3226820EC9FC}.Release|Any CPU.Deploy.0 = Release|Any CPU
		{6DDDEB1C-088D-4BA1-BF29-241CCCDC5B80}.Debug|Any CPU.ActiveCfg = Debug|Any CPU
		{6DDDEB1C-088D-4BA1-BF29-241CCCDC5B80}.Debug|Any CPU.Build.0 = Debug|Any CPU
		{6DDDEB1C-088D-4BA1-BF29-241CCCDC5B80}.Debug|Any CPU.Deploy.0 = Debug|Any CPU
		{6DDDEB1C-088D-4BA1-BF29-241CCCDC5B80}.Release|Any CPU.ActiveCfg = Release|Any CPU
		{6DDDEB1C-088D-4BA1-BF29-241CCCDC5B80}.Release|Any CPU.Build.0 = Release|Any CPU
		{6DDDEB1C-088D-4BA1-BF29-241CCCDC5B80}.Release|Any CPU.Deploy.0 = Release|Any CPU
	EndGlobalSection
	GlobalSection(SolutionProperties) = preSolution
		HideSolutionNode = FALSE
	EndGlobalSection
	GlobalSection(ExtensibilityGlobals) = postSolution
		SolutionGuid = {608612C0-BABE-42E3-AD54-110638A2949A}
	EndGlobalSection
EndGlobal
